
Microsoft Visual Studio Solution File, Format Version 12.00
# Visual Studio Version 17
VisualStudioVersion = 17.7.34221.43
MinimumVisualStudioVersion = 10.0.40219.1
Project("{9A19103F-16F7-4668-BE54-9A1E7A4F7556}") = "TTDesign.API", "TTDesign.Api\TTDesign.API.csproj", "{A94464EF-4566-4133-91B6-1436FF4D9BEA}"
EndProject
Global
	GlobalSection(SolutionConfigurationPlatforms) = preSolution
		Debug|Any CPU = Debug|Any CPU
		Release|Any CPU = Release|Any CPU
	EndGlobalSection
	GlobalSection(ProjectConfigurationPlatforms) = postSolution
		{A94464EF-4566-4133-91B6-1436FF4D9BEA}.Debug|Any CPU.ActiveCfg = Debug|Any CPU
		{A94464EF-4566-4133-91B6-1436FF4D9BEA}.Debug|Any CPU.Build.0 = Debug|Any CPU
		{A94464EF-4566-4133-91B6-1436FF4D9BEA}.Release|Any CPU.ActiveCfg = Release|Any CPU
		{A94464EF-4566-4133-91B6-1436FF4D9BEA}.Release|Any CPU.Build.0 = Release|Any CPU
	EndGlobalSection
	GlobalSection(SolutionProperties) = preSolution
		HideSolutionNode = FALSE
	EndGlobalSection
	GlobalSection(ExtensibilityGlobals) = postSolution
		SolutionGuid = {19A0DBF4-E721-4449-8BE7-5DE469AA04AA}
	EndGlobalSection
EndGlobal
